
Microsoft Visual Studio Solution File, Format Version 12.00
# Visual Studio 15
VisualStudioVersion = 15.0.28307.645
MinimumVisualStudioVersion = 10.0.40219.1
Project("{8BC9CEB8-8B4A-11D0-8D11-00A0C91BC942}") = "win-libhoard", "src\win-libhoard\win-libhoard.vcxproj", "{8037F206-E0F9-45EC-916A-C0DDB1EE2B7E}"
EndProject
Project("{8BC9CEB8-8B4A-11D0-8D11-00A0C91BC942}") = "dlogger", "..\dmtr-win\src\c++\utils\dlogger\dlogger.vcxproj", "{357FA638-8810-4EDD-AA78-777AA50B21A9}"
EndProject
Project("{8BC9CEB8-8B4A-11D0-8D11-00A0C91BC942}") = "dmtr-win-ndutil", "..\dmtr-win\src\c++\libos\ndspi\dmtr-win-ndutil\dmtr-win-ndutil.vcxproj", "{8C7C0240-27C3-4A36-AFBC-A553DD3FD42B}"
EndProject
Global
	GlobalSection(SolutionConfigurationPlatforms) = preSolution
		Debug|x64 = Debug|x64
		Debug|x86 = Debug|x86
		Release|x64 = Release|x64
		Release|x86 = Release|x86
	EndGlobalSection
	GlobalSection(ProjectConfigurationPlatforms) = postSolution
		{8037F206-E0F9-45EC-916A-C0DDB1EE2B7E}.Debug|x64.ActiveCfg = Debug|x64
		{8037F206-E0F9-45EC-916A-C0DDB1EE2B7E}.Debug|x64.Build.0 = Debug|x64
		{8037F206-E0F9-45EC-916A-C0DDB1EE2B7E}.Debug|x86.ActiveCfg = Debug|Win32
		{8037F206-E0F9-45EC-916A-C0DDB1EE2B7E}.Debug|x86.Build.0 = Debug|Win32
		{8037F206-E0F9-45EC-916A-C0DDB1EE2B7E}.Release|x64.ActiveCfg = Release|x64
		{8037F206-E0F9-45EC-916A-C0DDB1EE2B7E}.Release|x64.Build.0 = Release|x64
		{8037F206-E0F9-45EC-916A-C0DDB1EE2B7E}.Release|x86.ActiveCfg = Release|Win32
		{8037F206-E0F9-45EC-916A-C0DDB1EE2B7E}.Release|x86.Build.0 = Release|Win32
		{357FA638-8810-4EDD-AA78-777AA50B21A9}.Debug|x64.ActiveCfg = Debug|x64
		{357FA638-8810-4EDD-AA78-777AA50B21A9}.Debug|x64.Build.0 = Debug|x64
		{357FA638-8810-4EDD-AA78-777AA50B21A9}.Debug|x86.ActiveCfg = Debug|Win32
		{357FA638-8810-4EDD-AA78-777AA50B21A9}.Debug|x86.Build.0 = Debug|Win32
		{357FA638-8810-4EDD-AA78-777AA50B21A9}.Release|x64.ActiveCfg = Release|x64
		{357FA638-8810-4EDD-AA78-777AA50B21A9}.Release|x64.Build.0 = Release|x64
		{357FA638-8810-4EDD-AA78-777AA50B21A9}.Release|x86.ActiveCfg = Release|Win32
		{357FA638-8810-4EDD-AA78-777AA50B21A9}.Release|x86.Build.0 = Release|Win32
		{8C7C0240-27C3-4A36-AFBC-A553DD3FD42B}.Debug|x64.ActiveCfg = Debug|x64
		{8C7C0240-27C3-4A36-AFBC-A553DD3FD42B}.Debug|x64.Build.0 = Debug|x64
		{8C7C0240-27C3-4A36-AFBC-A553DD3FD42B}.Debug|x64.Deploy.0 = Debug|x64
		{8C7C0240-27C3-4A36-AFBC-A553DD3FD42B}.Debug|x86.ActiveCfg = Debug|Win32
		{8C7C0240-27C3-4A36-AFBC-A553DD3FD42B}.Debug|x86.Build.0 = Debug|Win32
		{8C7C0240-27C3-4A36-AFBC-A553DD3FD42B}.Release|x64.ActiveCfg = Release|x64
		{8C7C0240-27C3-4A36-AFBC-A553DD3FD42B}.Release|x64.Build.0 = Release|x64
		{8C7C0240-27C3-4A36-AFBC-A553DD3FD42B}.Release|x86.ActiveCfg = Release|Win32
		{8C7C0240-27C3-4A36-AFBC-A553DD3FD42B}.Release|x86.Build.0 = Release|Win32
	EndGlobalSection
	GlobalSection(SolutionProperties) = preSolution
		HideSolutionNode = FALSE
	EndGlobalSection
	GlobalSection(ExtensibilityGlobals) = postSolution
		SolutionGuid = {A9BA986E-39FE-4240-A948-191B63B6A427}
	EndGlobalSection
EndGlobal
